
Microsoft Visual Studio Solution File, Format Version 12.00
# Visual Studio 15
Project("{FAE04EC0-301F-11D3-BF4B-00C04F79EFBC}") = "Assembly-CSharp", "Assembly-CSharp.csproj", "{7F6577AB-3F0A-1852-71EF-FDEFC3CD4A07}"
EndProject
Project("{FAE04EC0-301F-11D3-BF4B-00C04F79EFBC}") = "Assembly-CSharp-Editor", "Assembly-CSharp-Editor.csproj", "{787AEDA0-CA64-0F52-1A2F-7336B7C44711}"
EndProject
Project("{FAE04EC0-301F-11D3-BF4B-00C04F79EFBC}") = "Obi", "Obi.csproj", "{57671DD5-D6CF-B1A3-819B-8BAC1C0CF4D1}"
EndProject
Project("{FAE04EC0-301F-11D3-BF4B-00C04F79EFBC}") = "Obi.Editor", "Obi.Editor.csproj", "{1A3ED8BF-5A08-0BC5-554F-D28644EADE56}"
EndProject
Global
	GlobalSection(SolutionConfigurationPlatforms) = preSolution
		Debug|Any CPU = Debug|Any CPU
		Release|Any CPU = Release|Any CPU
	EndGlobalSection
	GlobalSection(ProjectConfigurationPlatforms) = postSolution
		{7F6577AB-3F0A-1852-71EF-FDEFC3CD4A07}.Debug|Any CPU.ActiveCfg = Debug|Any CPU
		{7F6577AB-3F0A-1852-71EF-FDEFC3CD4A07}.Debug|Any CPU.Build.0 = Debug|Any CPU
		{7F6577AB-3F0A-1852-71EF-FDEFC3CD4A07}.Release|Any CPU.ActiveCfg = Release|Any CPU
		{7F6577AB-3F0A-1852-71EF-FDEFC3CD4A07}.Release|Any CPU.Build.0 = Release|Any CPU
		{787AEDA0-CA64-0F52-1A2F-7336B7C44711}.Debug|Any CPU.ActiveCfg = Debug|Any CPU
		{787AEDA0-CA64-0F52-1A2F-7336B7C44711}.Debug|Any CPU.Build.0 = Debug|Any CPU
		{787AEDA0-CA64-0F52-1A2F-7336B7C44711}.Release|Any CPU.ActiveCfg = Release|Any CPU
		{787AEDA0-CA64-0F52-1A2F-7336B7C44711}.Release|Any CPU.Build.0 = Release|Any CPU
		{57671DD5-D6CF-B1A3-819B-8BAC1C0CF4D1}.Debug|Any CPU.ActiveCfg = Debug|Any CPU
		{57671DD5-D6CF-B1A3-819B-8BAC1C0CF4D1}.Debug|Any CPU.Build.0 = Debug|Any CPU
		{57671DD5-D6CF-B1A3-819B-8BAC1C0CF4D1}.Release|Any CPU.ActiveCfg = Release|Any CPU
		{57671DD5-D6CF-B1A3-819B-8BAC1C0CF4D1}.Release|Any CPU.Build.0 = Release|Any CPU
		{1A3ED8BF-5A08-0BC5-554F-D28644EADE56}.Debug|Any CPU.ActiveCfg = Debug|Any CPU
		{1A3ED8BF-5A08-0BC5-554F-D28644EADE56}.Debug|Any CPU.Build.0 = Debug|Any CPU
		{1A3ED8BF-5A08-0BC5-554F-D28644EADE56}.Release|Any CPU.ActiveCfg = Release|Any CPU
		{1A3ED8BF-5A08-0BC5-554F-D28644EADE56}.Release|Any CPU.Build.0 = Release|Any CPU
	EndGlobalSection
	GlobalSection(SolutionProperties) = preSolution
		HideSolutionNode = FALSE
	EndGlobalSection
EndGlobal
